
Microsoft Visual Studio Solution File, Format Version 11.00
# Visual Studio 2010
Project("{FAE04EC0-301F-11D3-BF4B-00C04F79EFBC}") = "stack", "Assembly-CSharp.csproj", "{555052D8-9541-C62D-E97D-280D3717AA86}"
EndProject
Global
	GlobalSection(SolutionConfigurationPlatforms) = preSolution
		Debug|Any CPU = Debug|Any CPU
		Release|Any CPU = Release|Any CPU
	EndGlobalSection
	GlobalSection(ProjectConfigurationPlatforms) = postSolution
		{555052D8-9541-C62D-E97D-280D3717AA86}.Debug|Any CPU.ActiveCfg = Debug|Any CPU
		{555052D8-9541-C62D-E97D-280D3717AA86}.Debug|Any CPU.Build.0 = Debug|Any CPU
		{555052D8-9541-C62D-E97D-280D3717AA86}.Release|Any CPU.ActiveCfg = Release|Any CPU
		{555052D8-9541-C62D-E97D-280D3717AA86}.Release|Any CPU.Build.0 = Release|Any CPU
	EndGlobalSection
	GlobalSection(SolutionProperties) = preSolution
		HideSolutionNode = FALSE
	EndGlobalSection
	GlobalSection(MonoDevelopProperties) = preSolution
		StartupItem = Assembly-CSharp.csproj
	EndGlobalSection
EndGlobal
